
Microsoft Visual Studio Solution File, Format Version 12.00
# Visual Studio Version 17
VisualStudioVersion = 17.0.31903.59
MinimumVisualStudioVersion = 10.0.40219.1
Project("{2150E333-8FDC-42A3-9474-1A3956D46DE8}") = "src", "src", "{7B3B8394-7F39-4634-98E5-DB5164535F13}"
EndProject
Project("{2150E333-8FDC-42A3-9474-1A3956D46DE8}") = "DomainA", "DomainA", "{065BBA2F-2AF8-4967-A7FA-6F442EE7CA5A}"
EndProject
Project("{FAE04EC0-301F-11D3-BF4B-00C04F79EFBC}") = "DomainA.Api", "src\DomainA\DomainA.Api\src\DomainA.Api.csproj", "{53A07E01-0B3D-4357-97D1-B692026C2C74}"
EndProject
Project("{FAE04EC0-301F-11D3-BF4B-00C04F79EFBC}") = "DomainA.Models", "src\DomainA\DomainA.Models\DomainA.Models.csproj", "{723A5C01-DF2D-4B9E-B2E1-47192FFB772C}"
EndProject
Global
	GlobalSection(SolutionConfigurationPlatforms) = preSolution
		Debug|Any CPU = Debug|Any CPU
		Release|Any CPU = Release|Any CPU
	EndGlobalSection
	GlobalSection(SolutionProperties) = preSolution
		HideSolutionNode = FALSE
	EndGlobalSection
	GlobalSection(ProjectConfigurationPlatforms) = postSolution
		{53A07E01-0B3D-4357-97D1-B692026C2C74}.Debug|Any CPU.ActiveCfg = Debug|Any CPU
		{53A07E01-0B3D-4357-97D1-B692026C2C74}.Debug|Any CPU.Build.0 = Debug|Any CPU
		{53A07E01-0B3D-4357-97D1-B692026C2C74}.Release|Any CPU.ActiveCfg = Release|Any CPU
		{53A07E01-0B3D-4357-97D1-B692026C2C74}.Release|Any CPU.Build.0 = Release|Any CPU
		{723A5C01-DF2D-4B9E-B2E1-47192FFB772C}.Debug|Any CPU.ActiveCfg = Debug|Any CPU
		{723A5C01-DF2D-4B9E-B2E1-47192FFB772C}.Debug|Any CPU.Build.0 = Debug|Any CPU
		{723A5C01-DF2D-4B9E-B2E1-47192FFB772C}.Release|Any CPU.ActiveCfg = Release|Any CPU
		{723A5C01-DF2D-4B9E-B2E1-47192FFB772C}.Release|Any CPU.Build.0 = Release|Any CPU
	EndGlobalSection
	GlobalSection(NestedProjects) = preSolution
		{065BBA2F-2AF8-4967-A7FA-6F442EE7CA5A} = {7B3B8394-7F39-4634-98E5-DB5164535F13}
		{53A07E01-0B3D-4357-97D1-B692026C2C74} = {065BBA2F-2AF8-4967-A7FA-6F442EE7CA5A}
		{723A5C01-DF2D-4B9E-B2E1-47192FFB772C} = {065BBA2F-2AF8-4967-A7FA-6F442EE7CA5A}
	EndGlobalSection
EndGlobal
